
Microsoft Visual Studio Solution File, Format Version 12.00
# Visual Studio Version 17
VisualStudioVersion = 17.7.34031.279
MinimumVisualStudioVersion = 10.0.40219.1
Project("{FAE04EC0-301F-11D3-BF4B-00C04F79EFBC}") = "Linq2DBDapper", "Linq2DBDapper\Linq2DBDapper.csproj", "{73B68ECC-E554-407B-B26F-628D43C09AFC}"
EndProject
Global
	GlobalSection(SolutionConfigurationPlatforms) = preSolution
		Debug|Any CPU = Debug|Any CPU
		Release|Any CPU = Release|Any CPU
	EndGlobalSection
	GlobalSection(ProjectConfigurationPlatforms) = postSolution
		{73B68ECC-E554-407B-B26F-628D43C09AFC}.Debug|Any CPU.ActiveCfg = Debug|Any CPU
		{73B68ECC-E554-407B-B26F-628D43C09AFC}.Debug|Any CPU.Build.0 = Debug|Any CPU
		{73B68ECC-E554-407B-B26F-628D43C09AFC}.Release|Any CPU.ActiveCfg = Release|Any CPU
		{73B68ECC-E554-407B-B26F-628D43C09AFC}.Release|Any CPU.Build.0 = Release|Any CPU
	EndGlobalSection
	GlobalSection(SolutionProperties) = preSolution
		HideSolutionNode = FALSE
	EndGlobalSection
	GlobalSection(ExtensibilityGlobals) = postSolution
		SolutionGuid = {091C1513-7C80-4FF3-AF61-A311CEE02004}
	EndGlobalSection
EndGlobal
